lockfileVersion: '9.0'

settings:
  autoInstallPeers: true
  excludeLinksFromLockfile: false

importers:

  .:
    dependencies:
      '@orbit/clovai-apps':
        specifier: workspace:*
        version: link:../../packages/clovai-apps
      '@orbit/security':
        specifier: workspace:*
        version: link:../../packages/security
      '@orbit/types':
        specifier: workspace:*
        version: link:../../packages/types
      '@orbit/ui':
        specifier: workspace:*
        version: link:../../packages/ui
      framer-motion:
        specifier: ^12.40.0
        version: 12.40.0
    devDependencies:
      '@orbit/tsconfig':
        specifier: workspace:*
        version: link:../../packages/tsconfig

packages:

  framer-motion@12.40.0:
    resolution: {integrity: sha512-uaBd3qC1v3KQqBEjwTUd183K6PbS+j0yR9w9VmEOLWA/tnUcSn8Xa3uck7t4dgpDoUss8xQTcj8W2L07lrnLFg==}
    peerDependencies:
      '@emotion/is-prop-valid': '*'
      react: ^18.0.0 || ^19.0.0
      react-dom: ^18.0.0 || ^19.0.0
    peerDependenciesMeta:
      '@emotion/is-prop-valid':
        optional: true
      react:
        optional: true
      react-dom:
        optional: true

  motion-dom@12.40.0:
    resolution: {integrity: sha512-HxU3ZaBwNPVQUBQf1xxgq+7JrPNZvjLVxgbpEZL7RrWJnsxOf0/OM+yrHG9ogLQ31Do/r57Oz2gQWPK+6q62mg==}

  motion-utils@12.39.0:
    resolution: {integrity: sha512-8nadJAJjTtqRkmRF36FoJTrywK9nnFmnPwnSMyxaOCU7GDjN9RTMJIxx9De8ErM+vpPhMccr/6fo5WciyQLnMQ==}

  tslib@2.8.1:
    resolution: {integrity: sha512-oJFu94HQb+KVduSUQL7wnpmqnfmLsOA/nAh6b6EH0wCEoK0/mPeXU6c3wKDV83MkOuHPRHtSXKKU99IBazS/2w==}

snapshots:

  framer-motion@12.40.0:
    dependencies:
      motion-dom: 12.40.0
      motion-utils: 12.39.0
      tslib: 2.8.1

  motion-dom@12.40.0:
    dependencies:
      motion-utils: 12.39.0

  motion-utils@12.39.0: {}

  tslib@2.8.1: {}
